
Microsoft Visual Studio Solution File, Format Version 12.00
# Visual Studio Version 17
VisualStudioVersion = 17.6.33829.357
MinimumVisualStudioVersion = 10.0.40219.1
Project("{FAE04EC0-301F-11D3-BF4B-00C04F79EFBC}") = "Atuador Linear GUI", "Servo Motor e Arduino GUI\Atuador Linear GUI.csproj", "{A6A09092-2DDF-45AE-9BCB-FC3B2912E6D0}"
EndProject
Global
	GlobalSection(SolutionConfigurationPlatforms) = preSolution
		Debug|Any CPU = Debug|Any CPU
		Release|Any CPU = Release|Any CPU
	EndGlobalSection
	GlobalSection(ProjectConfigurationPlatforms) = postSolution
		{A6A09092-2DDF-45AE-9BCB-FC3B2912E6D0}.Debug|Any CPU.ActiveCfg = Debug|Any CPU
		{A6A09092-2DDF-45AE-9BCB-FC3B2912E6D0}.Debug|Any CPU.Build.0 = Debug|Any CPU
		{A6A09092-2DDF-45AE-9BCB-FC3B2912E6D0}.Release|Any CPU.ActiveCfg = Release|Any CPU
		{A6A09092-2DDF-45AE-9BCB-FC3B2912E6D0}.Release|Any CPU.Build.0 = Release|Any CPU
	EndGlobalSection
	GlobalSection(SolutionProperties) = preSolution
		HideSolutionNode = FALSE
	EndGlobalSection
	GlobalSection(ExtensibilityGlobals) = postSolution
		SolutionGuid = {EC86B07F-E2BA-4EE7-BB34-9EAD20E7A6A3}
	EndGlobalSection
EndGlobal
